# THIS IS AN AUTOGENERATED FILE. DO NOT EDIT THIS FILE DIRECTLY.
# yarn lockfile v1


"@esbuild/aix-ppc64@0.28.0":
  version "0.28.0"
  resolved "https://registry.yarnpkg.com/@esbuild/aix-ppc64/-/aix-ppc64-0.28.0.tgz#7a289c158e29cbf59ea0afc83cc80f06d1c89402"
  integrity sha512-lhRUCeuOyJQURhTxl4WkpFTjIsbDayJHih5kZC1giwE+MhIzAb7mEsQMqMf18rHLsrb5qI1tafG20mLxEWcWlA==

"@esbuild/android-arm64@0.28.0":
  version "0.28.0"
  resolved "https://registry.yarnpkg.com/@esbuild/android-arm64/-/android-arm64-0.28.0.tgz#b8828d9edfa3a92660644eb8de6e4f3c203d7b17"
  integrity sha512-+WzIXQOSaGs33tLEgYPYe/yQHf0WTU0X42Jca3y8NWMbUVhp7rUnw+vAsRC/QiDrdD31IszMrZy+qwPOPjd+rw==

"@esbuild/android-arm@0.28.0":
  version "0.28.0"
  resolved "https://registry.yarnpkg.com/@esbuild/android-arm/-/android-arm-0.28.0.tgz#5ec1847605e05b5dbe5df90db9ff7e3e4c58dca7"
  integrity sha512-wqh0ByljabXLKHeWXYLqoJ5jKC4XBaw6Hk08OfMrCRd2nP2ZQ5eleDZC41XHyCNgktBGYMbqnrJKq/K/lzPMSQ==

"@esbuild/android-x64@0.28.0":
  version "0.28.0"
  resolved "https://registry.yarnpkg.com/@esbuild/android-x64/-/android-x64-0.28.0.tgz#390642175b88ef82bad4cce03f8ab13fe9b1912e"
  integrity sha512-+VJggoaKhk2VNNqVL7f6S189UzShHC/mR9EE8rDdSkdpN0KflSwWY/gWjDrNxxisg8Fp1ZCD9jLMo4m0OUfeUA==

"@esbuild/darwin-arm64@0.28.0":
  version "0.28.0"
  resolved "https://registry.yarnpkg.com/@esbuild/darwin-arm64/-/darwin-arm64-0.28.0.tgz#ae45325960d5950cd6951e4f97396f4e1ff7d8d3"
  integrity sha512-0T+A9WZm+bZ84nZBtk1ckYsOvyA3x7e2Acj1KdVfV4/2tdG4fzUp91YHx+GArWLtwqp77pBXVCPn2We7Letr0Q==

"@esbuild/darwin-x64@0.28.0":
  version "0.28.0"
  resolved "https://registry.yarnpkg.com/@esbuild/darwin-x64/-/darwin-x64-0.28.0.tgz#c079247d589b6b99449659d94f06951b84bff2e4"
  integrity sha512-fyzLm/DLDl/84OCfp2f/XQ4flmORsjU7VKt8HLjvIXChJoFFOIL6pLJPH4Yhd1n1gGFF9mPwtlN5Wf82DZs+LQ==

"@esbuild/freebsd-arm64@0.28.0":
  version "0.28.0"
  resolved "https://registry.yarnpkg.com/@esbuild/freebsd-arm64/-/freebsd-arm64-0.28.0.tgz#45c456215a486593c94900297202dc11c880a37a"
  integrity sha512-l9GeW5UZBT9k9brBYI+0WDffcRxgHQD8ShN2Ur4xWq/NFzUKm3k5lsH4PdaRgb2w7mI9u61nr2gI2mLI27Nh3Q==

"@esbuild/freebsd-x64@0.28.0":
  version "0.28.0"
  resolved "https://registry.yarnpkg.com/@esbuild/freebsd-x64/-/freebsd-x64-0.28.0.tgz#0399494c1c85e4388e9b7040bd60d48f2a5b0d2c"
  integrity sha512-BXoQai/A0wPO6Es3yFJ7APCiKGc1tdAEOgeTNy3SsB491S3aHn4S4r3e976eUnPdU+NbdtmBuLncYir2tMU9Nw==

"@esbuild/linux-arm64@0.28.0":
  version "0.28.0"
  resolved "https://registry.yarnpkg.com/@esbuild/linux-arm64/-/linux-arm64-0.28.0.tgz#d6d9f09ef0de54116bf459a4d53cac7e0952fe39"
  integrity sha512-RVyzfb3FWsGA55n6WY0MEIEPURL1FcbhFE6BffZEMEekfCzCIMtB5yyDcFnVbTnwk+CLAgTujmV/Lgvih56W+A==

"@esbuild/linux-arm@0.28.0":
  version "0.28.0"
  resolved "https://registry.yarnpkg.com/@esbuild/linux-arm/-/linux-arm-0.28.0.tgz#7b42ffa84c288ae94fdc431c1b28a89e3c3b9278"
  integrity sha512-CjaaREJagqJp7iTaNQjjidaNbCKYcd4IDkzbwwxtSvjI7NZm79qiHc8HqciMddQ6CKvJT6aBd8lO9kN/ZudLlw==

"@esbuild/linux-ia32@0.28.0":
  version "0.28.0"
  resolved "https://registry.yarnpkg.com/@esbuild/linux-ia32/-/linux-ia32-0.28.0.tgz#deb15d112ed8dd605346b6b953d23a21ff81253f"
  integrity sha512-KBnSTt1kxl9x70q+ydterVdl+Cn0H18ngRMRCEQfrbqdUuntQQ0LoMZv47uB97NljZFzY6HcfqEZ2SAyIUTQBQ==

"@esbuild/linux-loong64@0.28.0":
  version "0.28.0"
  resolved "https://registry.yarnpkg.com/@esbuild/linux-loong64/-/linux-loong64-0.28.0.tgz#81fb89d07eecc79b157dea61033757726fce0ca4"
  integrity sha512-zpSlUce1mnxzgBADvxKXX5sl8aYQHo2ezvMNI8I0lbblJtp8V4odlm3Yzlj7gPyt3T8ReksE6bK+pT3WD+aJRg==

"@esbuild/linux-mips64el@0.28.0":
  version "0.28.0"
  resolved "https://registry.yarnpkg.com/@esbuild/linux-mips64el/-/linux-mips64el-0.28.0.tgz#d0e42691b3ff7af9fb2217b70fc01f343bdb62bb"
  integrity sha512-2jIfP6mmjkdmeTlsX/9vmdmhBmKADrWqN7zcdtHIeNSCH1SqIoNI63cYsjQR8J+wGa4Y5izRcSHSm8K3QWmk3w==

"@esbuild/linux-ppc64@0.28.0":
  version "0.28.0"
  resolved "https://registry.yarnpkg.com/@esbuild/linux-ppc64/-/linux-ppc64-0.28.0.tgz#389f3e5e98f17d477c467cc87136e1a076eead87"
  integrity sha512-bc0FE9wWeC0WBm49IQMPSPILRocGTQt3j5KPCA8os6VprfuJ7KD+5PzESSrJ6GmPIPJK965ZJHTUlSA6GNYEhg==

"@esbuild/linux-riscv64@0.28.0":
  version "0.28.0"
  resolved "https://registry.yarnpkg.com/@esbuild/linux-riscv64/-/linux-riscv64-0.28.0.tgz#763bd60d59b242be12da1e67d5729f3024c605fa"
  integrity sha512-SQPZOwoTTT/HXFXQJG/vBX8sOFagGqvZyXcgLA3NhIqcBv1BJU1d46c0rGcrij2B56Z2rNiSLaZOYW5cUk7yLQ==

"@esbuild/linux-s390x@0.28.0":
  version "0.28.0"
  resolved "https://registry.yarnpkg.com/@esbuild/linux-s390x/-/linux-s390x-0.28.0.tgz#aac6061634872e4677de693bce8030d73b1fd055"
  integrity sha512-SCfR0HN8CEEjnYnySJTd2cw0k9OHB/YFzt5zgJEwa+wL/T/raGWYMBqwDNAC6dqFKmJYZoQBRfHjgwLHGSrn3Q==

"@esbuild/linux-x64@0.28.0":
  version "0.28.0"
  resolved "https://registry.yarnpkg.com/@esbuild/linux-x64/-/linux-x64-0.28.0.tgz#4f2917747188fe77632bcec65b2d84b422419779"
  integrity sha512-us0dSb9iFxIi8srnpl931Nvs65it/Jd2a2K3qs7fz2WfGPHqzfzZTfec7oxZJRNPXPnNYZtanmRc4AL/JwVzHQ==

"@esbuild/netbsd-arm64@0.28.0":
  version "0.28.0"
  resolved "https://registry.yarnpkg.com/@esbuild/netbsd-arm64/-/netbsd-arm64-0.28.0.tgz#814df0ae57a0c386814491b8397eeba82094a947"
  integrity sha512-CR/RYotgtCKwtftMwJlUU7xCVNg3lMYZ0RzTmAHSfLCXw3NtZtNpswLEj/Kkf6kEL3Gw+BpOekRX0BYCtklhUw==

"@esbuild/netbsd-x64@0.28.0":
  version "0.28.0"
  resolved "https://registry.yarnpkg.com/@esbuild/netbsd-x64/-/netbsd-x64-0.28.0.tgz#e01bdf7e60fa1a08e46d46d960b0d9bb8ac210af"
  integrity sha512-nU1yhmYutL+fQ71Kxnhg8uEOdC0pwEW9entHykTgEbna2pw2dkbFSMeqjjyHZoCmt8SBkOSvV+yNmm94aUrrqw==

"@esbuild/openbsd-arm64@0.28.0":
  version "0.28.0"
  resolved "https://registry.yarnpkg.com/@esbuild/openbsd-arm64/-/openbsd-arm64-0.28.0.tgz#4a15c36aacca68d2d5a4c90b710c06759f4c1ffa"
  integrity sha512-cXb5vApOsRsxsEl4mcZ1XY3D4DzcoMxR/nnc4IyqYs0rTI8ZKmW6kyyg+11Z8yvgMfAEldKzP7AdP64HnSC/6g==

"@esbuild/openbsd-x64@0.28.0":
  version "0.28.0"
  resolved "https://registry.yarnpkg.com/@esbuild/openbsd-x64/-/openbsd-x64-0.28.0.tgz#475e6101498a8ecce3008d7c388111d7a27c17bd"
  integrity sha512-8wZM2qqtv9UP3mzy7HiGYNH/zjTA355mpeuA+859TyR+e+Tc08IHYpLJuMsfpDJwoLo1ikIJI8jC3GFjnRClzA==

"@esbuild/openharmony-arm64@0.28.0":
  version "0.28.0"
  resolved "https://registry.yarnpkg.com/@esbuild/openharmony-arm64/-/openharmony-arm64-0.28.0.tgz#cfdc3957f0b7a69f1bde129aad17fcc2f6fa033e"
  integrity sha512-FLGfyizszcef5C3YtoyQDACyg95+dndv79i2EekILBofh5wpCa1KuBqOWKrEHZg3zrL3t5ouE5jgr94vA+Wb2w==

"@esbuild/sunos-x64@0.28.0":
  version "0.28.0"
  resolved "https://registry.yarnpkg.com/@esbuild/sunos-x64/-/sunos-x64-0.28.0.tgz#a013c856fecacd1c3aec985c8afe1d1cb017497d"
  integrity sha512-1ZgjUoEdHZZl/YlV76TSCz9Hqj9h9YmMGAgAPYd+q4SicWNX3G5GCyx9uhQWSLcbvPW8Ni7lj4gDa1T40akdlw==

"@esbuild/win32-arm64@0.28.0":
  version "0.28.0"
  resolved "https://registry.yarnpkg.com/@esbuild/win32-arm64/-/win32-arm64-0.28.0.tgz#eae05e0f35271cad3898b43168d3e9a3bbaf47e5"
  integrity sha512-Q9StnDmQ/enxnpxCCLSg0oo4+34B9TdXpuyPeTedN/6+iXBJ4J+zwfQI28u/Jl40nOYAxGoNi7mFP40RUtkmUA==

"@esbuild/win32-ia32@0.28.0":
  version "0.28.0"
  resolved "https://registry.yarnpkg.com/@esbuild/win32-ia32/-/win32-ia32-0.28.0.tgz#06161ebc5bf75c08d69feb3c6b22560515913998"
  integrity sha512-zF3ag/gfiCe6U2iczcRzSYJKH1DCI+ByzSENHlM2FcDbEeo5Zd2C86Aq0tKUYAJJ1obRP84ymxIAksZUcdztHA==

"@esbuild/win32-x64@0.28.0":
  version "0.28.0"
  resolved "https://registry.yarnpkg.com/@esbuild/win32-x64/-/win32-x64-0.28.0.tgz#04d90d5752b4ce65d2b6ac25eba08ff7624fe07c"
  integrity sha512-pEl1bO9mfAmIC+tW5btTmrKaujg3zGtUmWNdCw/xs70FBjwAL3o9OEKNHvNmnyylD6ubxUERiEhdsL0xBQ9efw==

"@notionhq/client@^4.0.2":
  version "4.0.2"
  resolved "https://registry.yarnpkg.com/@notionhq/client/-/client-4.0.2.tgz#d03b82ed7bae0e4025358f0cdb6c3a29afd32a67"
  integrity sha512-4pk3dm4umhjsRI0umCnJ8lCZh0TMiaMdkY0rz6FV4OqVuTsmYFV3pk+YTR5S8792ZY2Rm4lJHlLj05HQVKDuIg==

"@types/node@^22.10.5":
  version "22.19.19"
  resolved "https://registry.yarnpkg.com/@types/node/-/node-22.19.19.tgz#3124bf26ded54168b768138321fef99b420c6112"
  integrity sha512-dyh/xO2Fh5bYrfWaaqGrRQQGkNdmYw6AmaAUvYeUMNTWQtvb796ikLdmTchRmOlOiIJ1TDXfWgVx1QkUlQ6Hew==
  dependencies:
    undici-types "~6.21.0"

ansi-escapes@^7.0.0:
  version "7.3.0"
  resolved "https://registry.yarnpkg.com/ansi-escapes/-/ansi-escapes-7.3.0.tgz#5395bb74b2150a4a1d6e3c2565f4aeca78d28627"
  integrity sha512-BvU8nYgGQBxcmMuEeUEmNTvrMVjJNSH7RgW24vXexN4Ven6qCvy4TntnvlnwnMLTVlcRQQdbRY8NKnaIoeWDNg==
  dependencies:
    environment "^1.0.0"

ansi-regex@^6.2.2:
  version "6.2.2"
  resolved "https://registry.yarnpkg.com/ansi-regex/-/ansi-regex-6.2.2.tgz#60216eea464d864597ce2832000738a0589650c1"
  integrity sha512-Bq3SmSpyFHaWjPk8If9yc6svM8c56dB5BAtW4Qbw5jHTwwXXcTLoRMkpDJp6VL0XzlWaCHTXrkFURMYmD0sLqg==

ansi-styles@^6.2.1, ansi-styles@^6.2.3:
  version "6.2.3"
  resolved "https://registry.yarnpkg.com/ansi-styles/-/ansi-styles-6.2.3.tgz#c044d5dcc521a076413472597a1acb1f103c4041"
  integrity sha512-4Dj6M28JB+oAH8kFkTLUo+a2jwOFkuqb3yucU0CANcRRUbxS0cP0nZYCGjcc3BNXwRIsUVmDGgzawme7zvJHvg==

cli-cursor@^5.0.0:
  version "5.0.0"
  resolved "https://registry.yarnpkg.com/cli-cursor/-/cli-cursor-5.0.0.tgz#24a4831ecf5a6b01ddeb32fb71a4b2088b0dce38"
  integrity sha512-aCj4O5wKyszjMmDT4tZj93kxyydN/K5zPWSCe6/0AV/AA1pqe5ZBIw0a2ZfPQV7lL5/yb5HsUreJ6UFAF1tEQw==
  dependencies:
    restore-cursor "^5.0.0"

cli-truncate@^5.0.0:
  version "5.2.0"
  resolved "https://registry.yarnpkg.com/cli-truncate/-/cli-truncate-5.2.0.tgz#c8e72aaca8339c773d128c36e0a17c6315b694eb"
  integrity sha512-xRwvIOMGrfOAnM1JYtqQImuaNtDEv9v6oIYAs4LIHwTiKee8uwvIi363igssOC0O5U04i4AlENs79LQLu9tEMw==
  dependencies:
    slice-ansi "^8.0.0"
    string-width "^8.2.0"

colorette@^2.0.20:
  version "2.0.20"
  resolved "https://registry.yarnpkg.com/colorette/-/colorette-2.0.20.tgz#9eb793e6833067f7235902fcd3b09917a000a95a"
  integrity sha512-IfEDxwoWIjkeXL1eXcDiow4UbKjhLdq6/EuSVR9GMN7KVH3r9gQ83e73hsz1Nd1T3ijd5xv1wcWRYO+D6kCI2w==

commander@^14.0.3:
  version "14.0.3"
  resolved "https://registry.yarnpkg.com/commander/-/commander-14.0.3.tgz#425d79b48f9af82fcd9e4fc1ea8af6c5ec07bbc2"
  integrity sha512-H+y0Jo/T1RZ9qPP4Eh1pkcQcLRglraJaSLoyOtHxu6AapkjWVCy2Sit1QQ4x3Dng8qDlSsZEet7g5Pq06MvTgw==

emoji-regex@^10.3.0:
  version "10.6.0"
  resolved "https://registry.yarnpkg.com/emoji-regex/-/emoji-regex-10.6.0.tgz#bf3d6e8f7f8fd22a65d9703475bc0147357a6b0d"
  integrity sha512-toUI84YS5YmxW219erniWD0CIVOo46xGKColeNQRgOzDorgBi1v4D71/OFzgD9GO2UGKIv1C3Sp8DAn0+j5w7A==

environment@^1.0.0:
  version "1.1.0"
  resolved "https://registry.yarnpkg.com/environment/-/environment-1.1.0.tgz#8e86c66b180f363c7ab311787e0259665f45a9f1"
  integrity sha512-xUtoPkMggbz0MPyPiIWr1Kp4aeWJjDZ6SMvURhimjdZgsRuDplF5/s9hcgGhyXMhs+6vpnuoiZ2kFiu3FMnS8Q==

esbuild@~0.28.0:
  version "0.28.0"
  resolved "https://registry.yarnpkg.com/esbuild/-/esbuild-0.28.0.tgz#5dee347ffb3e3874212a35a69836b077b1ce6d96"
  integrity sha512-sNR9MHpXSUV/XB4zmsFKN+QgVG82Cc7+/aaxJ8Adi8hyOac+EXptIp45QBPaVyX3N70664wRbTcLTOemCAnyqw==
  optionalDependencies:
    "@esbuild/aix-ppc64" "0.28.0"
    "@esbuild/android-arm" "0.28.0"
    "@esbuild/android-arm64" "0.28.0"
    "@esbuild/android-x64" "0.28.0"
    "@esbuild/darwin-arm64" "0.28.0"
    "@esbuild/darwin-x64" "0.28.0"
    "@esbuild/freebsd-arm64" "0.28.0"
    "@esbuild/freebsd-x64" "0.28.0"
    "@esbuild/linux-arm" "0.28.0"
    "@esbuild/linux-arm64" "0.28.0"
    "@esbuild/linux-ia32" "0.28.0"
    "@esbuild/linux-loong64" "0.28.0"
    "@esbuild/linux-mips64el" "0.28.0"
    "@esbuild/linux-ppc64" "0.28.0"
    "@esbuild/linux-riscv64" "0.28.0"
    "@esbuild/linux-s390x" "0.28.0"
    "@esbuild/linux-x64" "0.28.0"
    "@esbuild/netbsd-arm64" "0.28.0"
    "@esbuild/netbsd-x64" "0.28.0"
    "@esbuild/openbsd-arm64" "0.28.0"
    "@esbuild/openbsd-x64" "0.28.0"
    "@esbuild/openharmony-arm64" "0.28.0"
    "@esbuild/sunos-x64" "0.28.0"
    "@esbuild/win32-arm64" "0.28.0"
    "@esbuild/win32-ia32" "0.28.0"
    "@esbuild/win32-x64" "0.28.0"

eventemitter3@^5.0.1:
  version "5.0.4"
  resolved "https://registry.yarnpkg.com/eventemitter3/-/eventemitter3-5.0.4.tgz#a86d66170433712dde814707ac52b5271ceb1feb"
  integrity sha512-mlsTRyGaPBjPedk6Bvw+aqbsXDtoAyAzm5MO7JgU+yVRyMQ5O8bD4Kcci7BS85f93veegeCPkL8R4GLClnjLFw==

fsevents@~2.3.3:
  version "2.3.3"
  resolved "https://registry.yarnpkg.com/fsevents/-/fsevents-2.3.3.tgz#cac6407785d03675a2a5e1a5305c697b347d90d6"
  integrity sha512-5xoDfX+fL7faATnagmWPpbFtwh/R77WmMMqqHGS65C3vvB0YHrgF+B1YmZ3441tMj5n63k0212XNoJwzlhffQw==

get-east-asian-width@^1.0.0, get-east-asian-width@^1.3.1, get-east-asian-width@^1.5.0:
  version "1.6.0"
  resolved "https://registry.yarnpkg.com/get-east-asian-width/-/get-east-asian-width-1.6.0.tgz#216900f91df11a8b2c198c3e1d93d6c035a776b9"
  integrity sha512-QRbvDIbx6YklUe6RxeTeleMR0yv3cYH6PsPZHcnVn7xv7zO1BHN8r0XETu8n6Ye3Q+ahtSarc3WgtNWmehIBfA==

husky@^9.1.7:
  version "9.1.7"
  resolved "https://registry.yarnpkg.com/husky/-/husky-9.1.7.tgz#d46a38035d101b46a70456a850ff4201344c0b2d"
  integrity sha512-5gs5ytaNjBrh5Ow3zrvdUUY+0VxIuWVL4i9irt6friV+BqdCfmV11CQTWMiBYWHbXhco+J1kHfTOUkePhCDvMA==

is-fullwidth-code-point@^5.0.0, is-fullwidth-code-point@^5.1.0:
  version "5.1.0"
  resolved "https://registry.yarnpkg.com/is-fullwidth-code-point/-/is-fullwidth-code-point-5.1.0.tgz#046b2a6d4f6b156b2233d3207d4b5a9783999b98"
  integrity sha512-5XHYaSyiqADb4RnZ1Bdad6cPp8Toise4TzEjcOYDHZkTCbKgiUl7WTUCpNWHuxmDt91wnsZBc9xinNzopv3JMQ==
  dependencies:
    get-east-asian-width "^1.3.1"

lint-staged@^16.2.4:
  version "16.4.0"
  resolved "https://registry.yarnpkg.com/lint-staged/-/lint-staged-16.4.0.tgz#a00b0e3abff59239cef6d7d9341e8f8473308e23"
  integrity sha512-lBWt8hujh/Cjysw5GYVmZpFHXDCgZzhrOm8vbcUdobADZNOK/bRshr2kM3DfgrrtR1DQhfupW9gnIXOfiFi+bw==
  dependencies:
    commander "^14.0.3"
    listr2 "^9.0.5"
    picomatch "^4.0.3"
    string-argv "^0.3.2"
    tinyexec "^1.0.4"
    yaml "^2.8.2"

listr2@^9.0.5:
  version "9.0.5"
  resolved "https://registry.yarnpkg.com/listr2/-/listr2-9.0.5.tgz#92df7c4416a6da630eb9ef46da469b70de97b316"
  integrity sha512-ME4Fb83LgEgwNw96RKNvKV4VTLuXfoKudAmm2lP8Kk87KaMK0/Xrx/aAkMWmT8mDb+3MlFDspfbCs7adjRxA2g==
  dependencies:
    cli-truncate "^5.0.0"
    colorette "^2.0.20"
    eventemitter3 "^5.0.1"
    log-update "^6.1.0"
    rfdc "^1.4.1"
    wrap-ansi "^9.0.0"

log-update@^6.1.0:
  version "6.1.0"
  resolved "https://registry.yarnpkg.com/log-update/-/log-update-6.1.0.tgz#1a04ff38166f94647ae1af562f4bd6a15b1b7cd4"
  integrity sha512-9ie8ItPR6tjY5uYJh8K/Zrv/RMZ5VOlOWvtZdEHYSTFKZfIBPQa9tOAEeAWhd+AnIneLJ22w5fjOYtoutpWq5w==
  dependencies:
    ansi-escapes "^7.0.0"
    cli-cursor "^5.0.0"
    slice-ansi "^7.1.0"
    strip-ansi "^7.1.0"
    wrap-ansi "^9.0.0"

mimic-function@^5.0.0:
  version "5.0.1"
  resolved "https://registry.yarnpkg.com/mimic-function/-/mimic-function-5.0.1.tgz#acbe2b3349f99b9deaca7fb70e48b83e94e67076"
  integrity sha512-VP79XUPxV2CigYP3jWwAUFSku2aKqBH7uTAapFWCBqutsbmDo96KY5o8uh6U+/YSIn5OxJnXp73beVkpqMIGhA==

onetime@^7.0.0:
  version "7.0.0"
  resolved "https://registry.yarnpkg.com/onetime/-/onetime-7.0.0.tgz#9f16c92d8c9ef5120e3acd9dd9957cceecc1ab60"
  integrity sha512-VXJjc87FScF88uafS3JllDgvAm+c/Slfz06lorj2uAY34rlUu0Nt+v8wreiImcrgAjjIHp1rXpTDlLOGw29WwQ==
  dependencies:
    mimic-function "^5.0.0"

picomatch@^4.0.3:
  version "4.0.4"
  resolved "https://registry.yarnpkg.com/picomatch/-/picomatch-4.0.4.tgz#fd6f5e00a143086e074dffe4c924b8fb293b0589"
  integrity sha512-QP88BAKvMam/3NxH6vj2o21R6MjxZUAd6nlwAS/pnGvN9IVLocLHxGYIzFhg6fUQ+5th6P4dv4eW9jX3DSIj7A==

restore-cursor@^5.0.0:
  version "5.1.0"
  resolved "https://registry.yarnpkg.com/restore-cursor/-/restore-cursor-5.1.0.tgz#0766d95699efacb14150993f55baf0953ea1ebe7"
  integrity sha512-oMA2dcrw6u0YfxJQXm342bFKX/E4sG9rbTzO9ptUcR/e8A33cHuvStiYOwH7fszkZlZ1z/ta9AAoPk2F4qIOHA==
  dependencies:
    onetime "^7.0.0"
    signal-exit "^4.1.0"

rfdc@^1.4.1:
  version "1.4.1"
  resolved "https://registry.yarnpkg.com/rfdc/-/rfdc-1.4.1.tgz#778f76c4fb731d93414e8f925fbecf64cce7f6ca"
  integrity sha512-q1b3N5QkRUWUl7iyylaaj3kOpIT0N2i9MqIEQXP73GVsN9cw3fdx8X63cEmWhJGi2PPCF23Ijp7ktmd39rawIA==

signal-exit@^4.1.0:
  version "4.1.0"
  resolved "https://registry.yarnpkg.com/signal-exit/-/signal-exit-4.1.0.tgz#952188c1cbd546070e2dd20d0f41c0ae0530cb04"
  integrity sha512-bzyZ1e88w9O1iNJbKnOlvYTrWPDl46O1bG0D3XInv+9tkPrxrN8jUUTiFlDkkmKWgn1M6CfIA13SuGqOa9Korw==

slice-ansi@^7.1.0:
  version "7.1.2"
  resolved "https://registry.yarnpkg.com/slice-ansi/-/slice-ansi-7.1.2.tgz#adf7be70aa6d72162d907cd0e6d5c11f507b5403"
  integrity sha512-iOBWFgUX7caIZiuutICxVgX1SdxwAVFFKwt1EvMYYec/NWO5meOJ6K5uQxhrYBdQJne4KxiqZc+KptFOWFSI9w==
  dependencies:
    ansi-styles "^6.2.1"
    is-fullwidth-code-point "^5.0.0"

slice-ansi@^8.0.0:
  version "8.0.0"
  resolved "https://registry.yarnpkg.com/slice-ansi/-/slice-ansi-8.0.0.tgz#22d0b66d18bc5c57f488bfcf36cbde3bef731537"
  integrity sha512-stxByr12oeeOyY2BlviTNQlYV5xOj47GirPr4yA1hE9JCtxfQN0+tVbkxwCtYDQWhEKWFHsEK48ORg5jrouCAg==
  dependencies:
    ansi-styles "^6.2.3"
    is-fullwidth-code-point "^5.1.0"

string-argv@^0.3.2:
  version "0.3.2"
  resolved "https://registry.yarnpkg.com/string-argv/-/string-argv-0.3.2.tgz#2b6d0ef24b656274d957d54e0a4bbf6153dc02b6"
  integrity sha512-aqD2Q0144Z+/RqG52NeHEkZauTAUWJO8c6yTftGJKO3Tja5tUgIfmIl6kExvhtxSDP7fXB6DvzkfMpCd/F3G+Q==

string-width@^7.0.0:
  version "7.2.0"
  resolved "https://registry.yarnpkg.com/string-width/-/string-width-7.2.0.tgz#b5bb8e2165ce275d4d43476dd2700ad9091db6dc"
  integrity sha512-tsaTIkKW9b4N+AEj+SVA+WhJzV7/zMhcSu78mLKWSk7cXMOSHsBKFWUs0fWwq8QyK3MgJBQRX6Gbi4kYbdvGkQ==
  dependencies:
    emoji-regex "^10.3.0"
    get-east-asian-width "^1.0.0"
    strip-ansi "^7.1.0"

string-width@^8.2.0:
  version "8.2.1"
  resolved "https://registry.yarnpkg.com/string-width/-/string-width-8.2.1.tgz#165089cfa527cc88fbc23dd73313f5e334af1ea1"
  integrity sha512-IIaP0g3iy9Cyy18w3M9YcaDudujEAVHKt3a3QJg1+sr/oX96TbaGUubG0hJyCjCBThFH+tFpcIyoUHUn1ogaLA==
  dependencies:
    get-east-asian-width "^1.5.0"
    strip-ansi "^7.1.2"

strip-ansi@^7.1.0, strip-ansi@^7.1.2:
  version "7.2.0"
  resolved "https://registry.yarnpkg.com/strip-ansi/-/strip-ansi-7.2.0.tgz#d22a269522836a627af8d04b5c3fd2c7fa3e32e3"
  integrity sha512-yDPMNjp4WyfYBkHnjIRLfca1i6KMyGCtsVgoKe/z1+6vukgaENdgGBZt+ZmKPc4gavvEZ5OgHfHdrazhgNyG7w==
  dependencies:
    ansi-regex "^6.2.2"

tinyexec@^1.0.4:
  version "1.1.2"
  resolved "https://registry.yarnpkg.com/tinyexec/-/tinyexec-1.1.2.tgz#11feef204b706d4668ca4013db29f3bd64f5c4dc"
  integrity sha512-dAqSqE/RabpBKI8+h26GfLq6Vb3JVXs30XYQjdMjaj/c2tS8IYYMbIzP599KtRj7c57/wYApb3QjgRgXmrCukA==

tsx@^4.19.2:
  version "4.22.3"
  resolved "https://registry.yarnpkg.com/tsx/-/tsx-4.22.3.tgz#7ca7cb34028e3e247f1fad300c157e42a90a1f50"
  integrity sha512-mdoNxBC/cSQObGGVQ5Bpn5i+yv7j68gk3Nfm3wFjcJg3Z0Mix9jzAFfP12prmm5eVGmDKtp0yyArrs0Q+8gZHg==
  dependencies:
    esbuild "~0.28.0"
  optionalDependencies:
    fsevents "~2.3.3"

typescript@^5.7.3:
  version "5.9.3"
  resolved "https://registry.yarnpkg.com/typescript/-/typescript-5.9.3.tgz#5b4f59e15310ab17a216f5d6cf53ee476ede670f"
  integrity sha512-jl1vZzPDinLr9eUt3J/t7V6FgNEw9QjvBPdysz9KfQDD41fQrC2Y4vKQdiaUpFT4bXlb1RHhLpp8wtm6M5TgSw==

undici-types@~6.21.0:
  version "6.21.0"
  resolved "https://registry.yarnpkg.com/undici-types/-/undici-types-6.21.0.tgz#691d00af3909be93a7faa13be61b3a5b50ef12cb"
  integrity sha512-iwDZqg0QAGrg9Rav5H4n0M64c3mkR59cJ6wQp+7C4nI0gsmExaedaYLNO44eT4AtBBwjbTiGPMlt2Md0T9H9JQ==

wrap-ansi@^9.0.0:
  version "9.0.2"
  resolved "https://registry.yarnpkg.com/wrap-ansi/-/wrap-ansi-9.0.2.tgz#956832dea9494306e6d209eb871643bb873d7c98"
  integrity sha512-42AtmgqjV+X1VpdOfyTGOYRi0/zsoLqtXQckTmqTeybT+BDIbM/Guxo7x3pE2vtpr1ok6xRqM9OpBe+Jyoqyww==
  dependencies:
    ansi-styles "^6.2.1"
    string-width "^7.0.0"
    strip-ansi "^7.1.0"

yaml@^2.8.2:
  version "2.9.0"
  resolved "https://registry.yarnpkg.com/yaml/-/yaml-2.9.0.tgz#78274afd93598a1dfdd6130df6a566defcbf9aa4"
  integrity sha512-2AvhNX3mb8zd6Zy7INTtSpl1F15HW6Wnqj0srWlkKLcpYl/gMIMJiyuGq2KeI2YFxUPjdlB+3Lc10seMLtL4cA==
